Microsoft Visual Studio Solution File, Format Version 11.00
# Visual Studio 2008

Project("{751B2C75-72C0-0E9A-5298-2D94F91A6454}") = "JustTryTwo", "Assembly-CSharp.csproj", "{73FAA723-3CDF-8D8E-0D93-866A10170BC0}"
EndProject
Global
	GlobalSection(SolutionConfigurationPlatforms) = preSolution
		Debug|Any CPU = Debug|Any CPU
		Release|Any CPU = Release|Any CPU
	EndGlobalSection
	GlobalSection(ProjectConfigurationPlatforms) = postSolution
		{73FAA723-3CDF-8D8E-0D93-866A10170BC0}.Debug|Any CPU.ActiveCfg = Debug|Any CPU
		{73FAA723-3CDF-8D8E-0D93-866A10170BC0}.Debug|Any CPU.Build.0 = Debug|Any CPU
		{73FAA723-3CDF-8D8E-0D93-866A10170BC0}.Release|Any CPU.ActiveCfg = Release|Any CPU
		{73FAA723-3CDF-8D8E-0D93-866A10170BC0}.Release|Any CPU.Build.0 = Release|Any CPU
	EndGlobalSection
	GlobalSection(SolutionProperties) = preSolution
		HideSolutionNode = FALSE
	EndGlobalSection
	GlobalSection(MonoDevelopProperties) = preSolution
		StartupItem = Assembly-CSharp.csproj
	EndGlobalSection
EndGlobal
